{
  "nodes": {
    "home-manager": {
      "inputs": {
        "nixpkgs": [
          "hydenix",
          "hydenix-nixpkgs"
        ]
      },
      "locked": {
        "lastModified": 1751824240,
        "narHash": "sha256-aDDC0CHTlL7QDKWWhdbEgVPK6KwWt+ca0QkmHYZxMzI=",
        "owner": "nix-community",
        "repo": "home-manager",
        "rev": "fd9e55f5fac45a26f6169310afca64d56b681935",
        "type": "github"
      },
      "original": {
        "owner": "nix-community",
        "repo": "home-manager",
        "type": "github"
      }
    },
    "home-manager_2": {
      "inputs": {
        "nixpkgs": [
          "zen-browser",
          "nixpkgs"
        ]
      },
      "locked": {
        "lastModified": 1743604125,
        "narHash": "sha256-ZD61DNbsBt1mQbinAaaEqKaJk2RFo9R/j+eYWeGMx7A=",
        "owner": "nix-community",
        "repo": "home-manager",
        "rev": "180fd43eea296e62ae68e079fcf56aba268b9a1a",
        "type": "github"
      },
      "original": {
        "owner": "nix-community",
        "repo": "home-manager",
        "type": "github"
      }
    },
    "hyde": {
      "flake": false,
      "locked": {
        "lastModified": 1750118281,
        "narHash": "sha256-rYlD979i1XUDZg+okpJZSC4piQKwJiIocfEYjxMyaz8=",
        "owner": "HyDE-Project",
        "repo": "HyDE",
        "rev": "cc76f032e090b84c367c11a4c1b326be76a9fa7e",
        "type": "github"
      },
      "original": {
        "owner": "HyDE-Project",
        "repo": "HyDE",
        "rev": "cc76f032e090b84c367c11a4c1b326be76a9fa7e",
        "type": "github"
      }
    },
    "hydenix": {
      "inputs": {
        "home-manager": "home-manager",
        "hyde": "hyde",
        "hydenix-nixpkgs": "hydenix-nixpkgs",
        "nix-index-database": "nix-index-database",
        "nixos-hardware": "nixos-hardware"
      },
      "locked": {
        "lastModified": 1752110068,
        "narHash": "sha256-MGGxzBQxPmKJzG3wq75GPskvv8lCQhGBGvkVNq+gEbA=",
        "owner": "richen604",
        "repo": "hydenix",
        "rev": "ba00c00f4828f052f53d684dd08fdfdbe7f49433",
        "type": "github"
      },
      "original": {
        "owner": "richen604",
        "repo": "hydenix",
        "type": "github"
      }
    },
    "hydenix-nixpkgs": {
      "locked": {
        "lastModified": 1750122687,
        "narHash": "sha256-zcGClfkXh4pckf4aGOZ18GFv73n1xHbdMWl17cPLouE=",
        "owner": "nixos",
        "repo": "nixpkgs",
        "rev": "c539ae8d21e49776966d714f82fba33b1fca78bc",
        "type": "github"
      },
      "original": {
        "owner": "nixos",
        "repo": "nixpkgs",
        "rev": "c539ae8d21e49776966d714f82fba33b1fca78bc",
        "type": "github"
      }
    },
    "nix-index-database": {
      "inputs": {
        "nixpkgs": [
          "hydenix",
          "hydenix-nixpkgs"
        ]
      },
      "locked": {
        "lastModified": 1751774635,
        "narHash": "sha256-DuOznGdgMxeSlPpUu6Wkq0ZD5e2Cfv9XRZeZlHWMd1s=",
        "owner": "nix-community",
        "repo": "nix-index-database",
        "rev": "85686025ba6d18df31cc651a91d5adef63378978",
        "type": "github"
      },
      "original": {
        "owner": "nix-community",
        "repo": "nix-index-database",
        "type": "github"
      }
    },
    "nix-index-database_2": {
      "inputs": {
        "nixpkgs": [
          "nixpkgs"
        ]
      },
      "locked": {
        "lastModified": 1751774635,
        "narHash": "sha256-DuOznGdgMxeSlPpUu6Wkq0ZD5e2Cfv9XRZeZlHWMd1s=",
        "owner": "nix-community",
        "repo": "nix-index-database",
        "rev": "85686025ba6d18df31cc651a91d5adef63378978",
        "type": "github"
      },
      "original": {
        "owner": "nix-community",
        "repo": "nix-index-database",
        "type": "github"
      }
    },
    "nixarr": {
      "inputs": {
        "nixpkgs": "nixpkgs",
        "vpnconfinement": "vpnconfinement",
        "website-builder": "website-builder"
      },
      "locked": {
        "lastModified": 1750925878,
        "narHash": "sha256-HgCU4qyRsN72Ce+3KACGqv0vpQppKEBaEUWs4Nl/Mqk=",
        "owner": "rasmus-kirk",
        "repo": "nixarr",
        "rev": "b47442260a4754cc362067f572ad27254a200bc9",
        "type": "github"
      },
      "original": {
        "owner": "rasmus-kirk",
        "repo": "nixarr",
        "type": "github"
      }
    },
    "nixos-hardware": {
      "locked": {
        "lastModified": 1751432711,
        "narHash": "sha256-136MeWtckSHTN9Z2WRNRdZ8oRP3vyx3L8UxeBYE+J9w=",
        "owner": "NixOS",
        "repo": "nixos-hardware",
        "rev": "497ae1357f1ac97f1aea31a4cb74ad0d534ef41f",
        "type": "github"
      },
      "original": {
        "owner": "NixOS",
        "ref": "master",
        "repo": "nixos-hardware",
        "type": "github"
      }
    },
    "nixos-hardware_2": {
      "locked": {
        "lastModified": 1752048960,
        "narHash": "sha256-gATnkOe37eeVwKKYCsL+OnS2gU4MmLuZFzzWCtaKLI8=",
        "owner": "NixOS",
        "repo": "nixos-hardware",
        "rev": "7ced9122cff2163c6a0212b8d1ec8c33a1660806",
        "type": "github"
      },
      "original": {
        "owner": "NixOS",
        "ref": "master",
        "repo": "nixos-hardware",
        "type": "github"
      }
    },
    "nixpkgs": {
      "locked": {
        "lastModified": 1748662220,
        "narHash": "sha256-7gGa49iB9nCnFk4h/g9zwjlQAyjtpgcFkODjcOQS0Es=",
        "owner": "nixos",
        "repo": "nixpkgs",
        "rev": "59138c7667b7970d205d6a05a8bfa2d78caa3643",
        "type": "github"
      },
      "original": {
        "owner": "nixos",
        "ref": "nixpkgs-unstable",
        "repo": "nixpkgs",
        "type": "github"
      }
    },
    "nixpkgs_2": {
      "locked": {
        "lastModified": 1751984180,
        "narHash": "sha256-LwWRsENAZJKUdD3SpLluwDmdXY9F45ZEgCb0X+xgOL0=",
        "owner": "nixos",
        "repo": "nixpkgs",
        "rev": "9807714d6944a957c2e036f84b0ff8caf9930bc0",
        "type": "github"
      },
      "original": {
        "owner": "nixos",
        "ref": "nixos-unstable",
        "repo": "nixpkgs",
        "type": "github"
      }
    },
    "nixpkgs_3": {
      "locked": {
        "lastModified": 1743448293,
        "narHash": "sha256-bmEPmSjJakAp/JojZRrUvNcDX2R5/nuX6bm+seVaGhs=",
        "owner": "nixos",
        "repo": "nixpkgs",
        "rev": "77b584d61ff80b4cef9245829a6f1dfad5afdfa3",
        "type": "github"
      },
      "original": {
        "owner": "nixos",
        "ref": "nixos-unstable",
        "repo": "nixpkgs",
        "type": "github"
      }
    },
    "root": {
      "inputs": {
        "hydenix": "hydenix",
        "nix-index-database": "nix-index-database_2",
        "nixarr": "nixarr",
        "nixos-hardware": "nixos-hardware_2",
        "nixpkgs": "nixpkgs_2",
        "zen-browser": "zen-browser"
      }
    },
    "vpnconfinement": {
      "locked": {
        "lastModified": 1743810720,
        "narHash": "sha256-kbv/W4gizUSa6qH2rUQdgPj9AJaeN9k2XSWUYqj7IMU=",
        "owner": "Maroka-chan",
        "repo": "VPN-Confinement",
        "rev": "74ae51e6d18b972ecc918ab43e8bde60c21a65d8",
        "type": "github"
      },
      "original": {
        "owner": "Maroka-chan",
        "repo": "VPN-Confinement",
        "type": "github"
      }
    },
    "website-builder": {
      "inputs": {
        "nixpkgs": [
          "nixarr",
          "nixpkgs"
        ]
      },
      "locked": {
        "lastModified": 1750317638,
        "narHash": "sha256-B4RWcXXOLO6gMeYyV+K4olu+kGGsYamKH+JAm0cIXqI=",
        "owner": "rasmus-kirk",
        "repo": "website-builder",
        "rev": "b54192000a00e865947f45bacf3184d56363ee38",
        "type": "github"
      },
      "original": {
        "owner": "rasmus-kirk",
        "repo": "website-builder",
        "type": "github"
      }
    },
    "zen-browser": {
      "inputs": {
        "home-manager": "home-manager_2",
        "nixpkgs": "nixpkgs_3"
      },
      "locked": {
        "lastModified": 1752092563,
        "narHash": "sha256-BaMI8wRzisEARstVTRdRD5X+Lui1Td/FIaAwFOp+JVo=",
        "owner": "0xc000022070",
        "repo": "zen-browser-flake",
        "rev": "75b7d67318f7e5cc1c8f3ceff961c379da7efe8e",
        "type": "github"
      },
      "original": {
        "owner": "0xc000022070",
        "repo": "zen-browser-flake",
        "type": "github"
      }
    }
  },
  "root": "root",
  "version": 7
}
