{
  "name": ".opencode",
  "lockfileVersion": 3,
  "requires": true,
  "packages": {
    "": {
      "dependencies": {
        "@opencode-ai/plugin": "1.2.26"
      }
    },
    "node_modules/@opencode-ai/plugin": {
      "version": "1.2.26",
      "resolved": "https://registry.npmjs.org/@opencode-ai/plugin/-/plugin-1.2.26.tgz",
      "integrity": "sha512-pC71KGAI9T0+S84KpbEq9THp5pT7KOq+GmfdXkvQ7KSH5zi+iASWRhqorir73sKmEj2MQfpbe1BxdcU5qbeOwA==",
      "license": "MIT",
      "dependencies": {
        "@opencode-ai/sdk": "1.2.26",
        "zod": "4.1.8"
      }
    },
    "node_modules/@opencode-ai/sdk": {
      "version": "1.2.26",
      "license": "MIT"
    },
    "node_modules/zod": {
      "version": "4.1.8",
      "license": "MIT",
      "funding": {
        "url": "https://github.com/sponsors/colinhacks"
      }
    }
  }
}
